
Microsoft Visual Studio Solution File, Format Version 12.00
# Visual Studio Version 17
VisualStudioVersion = 17.5.002.0
MinimumVisualStudioVersion = 10.0.40219.1
Project("{9A19103F-16F7-4668-BE54-9A1E7A4F7556}") = "moment1.2", "moment1.2.csproj", "{36E14CB5-AA5A-4546-B097-FAF3A774BEFE}"
EndProject
Global
	GlobalSection(SolutionConfigurationPlatforms) = preSolution
		Debug|Any CPU = Debug|Any CPU
		Release|Any CPU = Release|Any CPU
	EndGlobalSection
	GlobalSection(ProjectConfigurationPlatforms) = postSolution
		{36E14CB5-AA5A-4546-B097-FAF3A774BEFE}.Debug|Any CPU.ActiveCfg = Debug|Any CPU
		{36E14CB5-AA5A-4546-B097-FAF3A774BEFE}.Debug|Any CPU.Build.0 = Debug|Any CPU
		{36E14CB5-AA5A-4546-B097-FAF3A774BEFE}.Release|Any CPU.ActiveCfg = Release|Any CPU
		{36E14CB5-AA5A-4546-B097-FAF3A774BEFE}.Release|Any CPU.Build.0 = Release|Any CPU
	EndGlobalSection
	GlobalSection(SolutionProperties) = preSolution
		HideSolutionNode = FALSE
	EndGlobalSection
	GlobalSection(ExtensibilityGlobals) = postSolution
		SolutionGuid = {E1351071-840D-4028-ABA7-F7A481163EF7}
	EndGlobalSection
EndGlobal
